
Microsoft Visual Studio Solution File, Format Version 12.00
# Visual Studio Express 2013 for Windows Desktop
VisualStudioVersion = 12.0.21005.1
MinimumVisualStudioVersion = 10.0.40219.1
Project("{8BC9CEB8-8B4A-11D0-8D11-00A0C91BC942}") = "execw", "execw\execw.vcxproj", "{52D0178B-4BF8-4DBE-B372-4E14D9AB44BF}"
	ProjectSection(ProjectDependencies) = postProject
		{7E13A158-5C79-4F05-AB35-E3289C557A12} = {7E13A158-5C79-4F05-AB35-E3289C557A12}
	EndProjectSection
EndProject
Project("{8BC9CEB8-8B4A-11D0-8D11-00A0C91BC942}") = "win32", "win32\win32.vcxproj", "{7E13A158-5C79-4F05-AB35-E3289C557A12}"
EndProject
Project("{8BC9CEB8-8B4A-11D0-8D11-00A0C91BC942}") = "jni", "jni\jni.vcxproj", "{245B1A52-2545-432E-9708-6226568C00F3}"
	ProjectSection(ProjectDependencies) = postProject
		{7E13A158-5C79-4F05-AB35-E3289C557A12} = {7E13A158-5C79-4F05-AB35-E3289C557A12}
	EndProjectSection
EndProject
Global
	GlobalSection(SolutionConfigurationPlatforms) = preSolution
		Debug|Win32 = Debug|Win32
		Release|Win32 = Release|Win32
	EndGlobalSection
	GlobalSection(ProjectConfigurationPlatforms) = postSolution
		{52D0178B-4BF8-4DBE-B372-4E14D9AB44BF}.Debug|Win32.ActiveCfg = Debug|Win32
		{52D0178B-4BF8-4DBE-B372-4E14D9AB44BF}.Debug|Win32.Build.0 = Debug|Win32
		{52D0178B-4BF8-4DBE-B372-4E14D9AB44BF}.Release|Win32.ActiveCfg = Release|Win32
		{52D0178B-4BF8-4DBE-B372-4E14D9AB44BF}.Release|Win32.Build.0 = Release|Win32
		{7E13A158-5C79-4F05-AB35-E3289C557A12}.Debug|Win32.ActiveCfg = Debug|Win32
		{7E13A158-5C79-4F05-AB35-E3289C557A12}.Debug|Win32.Build.0 = Debug|Win32
		{7E13A158-5C79-4F05-AB35-E3289C557A12}.Release|Win32.ActiveCfg = Release|Win32
		{7E13A158-5C79-4F05-AB35-E3289C557A12}.Release|Win32.Build.0 = Release|Win32
		{245B1A52-2545-432E-9708-6226568C00F3}.Debug|Win32.ActiveCfg = Debug|Win32
		{245B1A52-2545-432E-9708-6226568C00F3}.Debug|Win32.Build.0 = Debug|Win32
		{245B1A52-2545-432E-9708-6226568C00F3}.Release|Win32.ActiveCfg = Release|Win32
		{245B1A52-2545-432E-9708-6226568C00F3}.Release|Win32.Build.0 = Release|Win32
	EndGlobalSection
	GlobalSection(SolutionProperties) = preSolution
		HideSolutionNode = FALSE
	EndGlobalSection
EndGlobal
